
Microsoft Visual Studio Solution File, Format Version 12.00
# Visual Studio Version 16
VisualStudioVersion = 16.0.31129.286
MinimumVisualStudioVersion = 10.0.40219.1
Project("{9A19103F-16F7-4668-BE54-9A1E7A4F7556}") = "WebService", "Trabalho3SistemasDistribuidos\WebService.csproj", "{9615305F-E4A7-47BD-B8A8-69F963B282C4}"
EndProject
Project("{FAE04EC0-301F-11D3-BF4B-00C04F79EFBC}") = "Client", "Client\Client.csproj", "{7090DBFB-64E5-42C3-9227-61B3C4C287BE}"
EndProject
Global
	GlobalSection(SolutionConfigurationPlatforms) = preSolution
		Debug|Any CPU = Debug|Any CPU
		Release|Any CPU = Release|Any CPU
	EndGlobalSection
	GlobalSection(ProjectConfigurationPlatforms) = postSolution
		{9615305F-E4A7-47BD-B8A8-69F963B282C4}.Debug|Any CPU.ActiveCfg = Debug|Any CPU
		{9615305F-E4A7-47BD-B8A8-69F963B282C4}.Debug|Any CPU.Build.0 = Debug|Any CPU
		{9615305F-E4A7-47BD-B8A8-69F963B282C4}.Release|Any CPU.ActiveCfg = Release|Any CPU
		{9615305F-E4A7-47BD-B8A8-69F963B282C4}.Release|Any CPU.Build.0 = Release|Any CPU
		{7090DBFB-64E5-42C3-9227-61B3C4C287BE}.Debug|Any CPU.ActiveCfg = Debug|Any CPU
		{7090DBFB-64E5-42C3-9227-61B3C4C287BE}.Debug|Any CPU.Build.0 = Debug|Any CPU
		{7090DBFB-64E5-42C3-9227-61B3C4C287BE}.Release|Any CPU.ActiveCfg = Release|Any CPU
		{7090DBFB-64E5-42C3-9227-61B3C4C287BE}.Release|Any CPU.Build.0 = Release|Any CPU
	EndGlobalSection
	GlobalSection(SolutionProperties) = preSolution
		HideSolutionNode = FALSE
	EndGlobalSection
	GlobalSection(ExtensibilityGlobals) = postSolution
		SolutionGuid = {891C9EE5-0B9C-4BC7-90D2-EE9BFCBA1AE9}
	EndGlobalSection
EndGlobal
